
Microsoft Visual Studio Solution File, Format Version 12.00
# Visual Studio 15
VisualStudioVersion = 15.0.26403.7
MinimumVisualStudioVersion = 10.0.40219.1
Project("{D954291E-2A0B-460D-934E-DC6B0785DB48}") = "BeerInventoryApp", "BeerInventoryApp\BeerInventoryApp\BeerInventoryApp.shproj", "{9F30AE26-651D-4E05-98CD-DC5AA5643EF0}"
EndProject
Project("{FAE04EC0-301F-11D3-BF4B-00C04F79EFBC}") = "BeerInventoryApp.Android", "BeerInventoryApp\BeerInventoryApp.Android\BeerInventoryApp.Android.csproj", "{66194101-CEA1-46E7-BA4E-FD416E9C558C}"
EndProject
Project("{FAE04EC0-301F-11D3-BF4B-00C04F79EFBC}") = "BeerInventoryApp.iOS", "BeerInventoryApp\BeerInventoryApp.iOS\BeerInventoryApp.iOS.csproj", "{76B6132F-B2BD-4EDC-8963-118C9D4C37A2}"
EndProject
Project("{FAE04EC0-301F-11D3-BF4B-00C04F79EFBC}") = "BeerInventoryApp.UWP", "BeerInventoryApp\BeerInventoryApp.UWP\BeerInventoryApp.UWP.csproj", "{B392FBA2-0198-4FF3-A22A-2EF3D5E13DF7}"
EndProject
Global
	GlobalSection(SharedMSBuildProjectFiles) = preSolution
		BeerInventoryApp\BeerInventoryApp\BeerInventoryApp.projitems*{66194101-cea1-46e7-ba4e-fd416e9c558c}*SharedItemsImports = 4
		BeerInventoryApp\BeerInventoryApp\BeerInventoryApp.projitems*{76b6132f-b2bd-4edc-8963-118c9d4c37a2}*SharedItemsImports = 4
		BeerInventoryApp\BeerInventoryApp\BeerInventoryApp.projitems*{9f30ae26-651d-4e05-98cd-dc5aa5643ef0}*SharedItemsImports = 13
	EndGlobalSection
	GlobalSection(SolutionConfigurationPlatforms) = preSolution
		Ad-Hoc|Any CPU = Ad-Hoc|Any CPU
		Ad-Hoc|ARM = Ad-Hoc|ARM
		Ad-Hoc|iPhone = Ad-Hoc|iPhone
		Ad-Hoc|iPhoneSimulator = Ad-Hoc|iPhoneSimulator
		Ad-Hoc|x64 = Ad-Hoc|x64
		Ad-Hoc|x86 = Ad-Hoc|x86
		AppStore|Any CPU = AppStore|Any CPU
		AppStore|ARM = AppStore|ARM
		AppStore|iPhone = AppStore|iPhone
		AppStore|iPhoneSimulator = AppStore|iPhoneSimulator
		AppStore|x64 = AppStore|x64
		AppStore|x86 = AppStore|x86
		Debug|Any CPU = Debug|Any CPU
		Debug|ARM = Debug|ARM
		Debug|iPhone = Debug|iPhone
		Debug|iPhoneSimulator = Debug|iPhoneSimulator
		Debug|x64 = Debug|x64
		Debug|x86 = Debug|x86
		Release|Any CPU = Release|Any CPU
		Release|ARM = Release|ARM
		Release|iPhone = Release|iPhone
		Release|iPhoneSimulator = Release|iPhoneSimulator
		Release|x64 = Release|x64
		Release|x86 = Release|x86
	EndGlobalSection
	GlobalSection(ProjectConfigurationPlatforms) = postSolution
		{66194101-CEA1-46E7-BA4E-FD416E9C558C}.Ad-Hoc|Any CPU.ActiveCfg = Release|Any CPU
		{66194101-CEA1-46E7-BA4E-FD416E9C558C}.Ad-Hoc|Any CPU.Build.0 = Release|Any CPU
		{66194101-CEA1-46E7-BA4E-FD416E9C558C}.Ad-Hoc|Any CPU.Deploy.0 = Release|Any CPU
		{66194101-CEA1-46E7-BA4E-FD416E9C558C}.Ad-Hoc|ARM.ActiveCfg = Release|Any CPU
		{66194101-CEA1-46E7-BA4E-FD416E9C558C}.Ad-Hoc|ARM.Build.0 = Release|Any CPU
		{66194101-CEA1-46E7-BA4E-FD416E9C558C}.Ad-Hoc|ARM.Deploy.0 = Release|Any CPU
		{66194101-CEA1-46E7-BA4E-FD416E9C558C}.Ad-Hoc|iPhone.ActiveCfg = Release|Any CPU
		{66194101-CEA1-46E7-BA4E-FD416E9C558C}.Ad-Hoc|iPhone.Build.0 = Release|Any CPU
		{66194101-CEA1-46E7-BA4E-FD416E9C558C}.Ad-Hoc|iPhone.Deploy.0 = Release|Any CPU
		{66194101-CEA1-46E7-BA4E-FD416E9C558C}.Ad-Hoc|iPhoneSimulator.ActiveCfg = Release|Any CPU
		{66194101-CEA1-46E7-BA4E-FD416E9C558C}.Ad-Hoc|iPhoneSimulator.Build.0 = Release|Any CPU
		{66194101-CEA1-46E7-BA4E-FD416E9C558C}.Ad-Hoc|iPhoneSimulator.Deploy.0 = Release|Any CPU
		{66194101-CEA1-46E7-BA4E-FD416E9C558C}.Ad-Hoc|x64.ActiveCfg = Release|Any CPU
		{66194101-CEA1-46E7-BA4E-FD416E9C558C}.Ad-Hoc|x64.Build.0 = Release|Any CPU
		{66194101-CEA1-46E7-BA4E-FD416E9C558C}.Ad-Hoc|x64.Deploy.0 = Release|Any CPU
		{66194101-CEA1-46E7-BA4E-FD416E9C558C}.Ad-Hoc|x86.ActiveCfg = Release|Any CPU
		{66194101-CEA1-46E7-BA4E-FD416E9C558C}.Ad-Hoc|x86.Build.0 = Release|Any CPU
		{66194101-CEA1-46E7-BA4E-FD416E9C558C}.Ad-Hoc|x86.Deploy.0 = Release|Any CPU
		{66194101-CEA1-46E7-BA4E-FD416E9C558C}.AppStore|Any CPU.ActiveCfg = Release|Any CPU
		{66194101-CEA1-46E7-BA4E-FD416E9C558C}.AppStore|Any CPU.Build.0 = Release|Any CPU
		{66194101-CEA1-46E7-BA4E-FD416E9C558C}.AppStore|Any CPU.Deploy.0 = Release|Any CPU
		{66194101-CEA1-46E7-BA4E-FD416E9C558C}.AppStore|ARM.ActiveCfg = Release|Any CPU
		{66194101-CEA1-46E7-BA4E-FD416E9C558C}.AppStore|ARM.Build.0 = Release|Any CPU
		{66194101-CEA1-46E7-BA4E-FD416E9C558C}.AppStore|ARM.Deploy.0 = Release|Any CPU
		{66194101-CEA1-46E7-BA4E-FD416E9C558C}.AppStore|iPhone.ActiveCfg = Release|Any CPU
		{66194101-CEA1-46E7-BA4E-FD416E9C558C}.AppStore|iPhone.Build.0 = Release|Any CPU
		{66194101-CEA1-46E7-BA4E-FD416E9C558C}.AppStore|iPhone.Deploy.0 = Release|Any CPU
		{66194101-CEA1-46E7-BA4E-FD416E9C558C}.AppStore|iPhoneSimulator.ActiveCfg = Release|Any CPU
		{66194101-CEA1-46E7-BA4E-FD416E9C558C}.AppStore|iPhoneSimulator.Build.0 = Release|Any CPU
		{66194101-CEA1-46E7-BA4E-FD416E9C558C}.AppStore|iPhoneSimulator.Deploy.0 = Release|Any CPU
		{66194101-CEA1-46E7-BA4E-FD416E9C558C}.AppStore|x64.ActiveCfg = Release|Any CPU
		{66194101-CEA1-46E7-BA4E-FD416E9C558C}.AppStore|x64.Build.0 = Release|Any CPU
		{66194101-CEA1-46E7-BA4E-FD416E9C558C}.AppStore|x64.Deploy.0 = Release|Any CPU
		{66194101-CEA1-46E7-BA4E-FD416E9C558C}.AppStore|x86.ActiveCfg = Release|Any CPU
		{66194101-CEA1-46E7-BA4E-FD416E9C558C}.AppStore|x86.Build.0 = Release|Any CPU
		{66194101-CEA1-46E7-BA4E-FD416E9C558C}.AppStore|x86.Deploy.0 = Release|Any CPU
		{66194101-CEA1-46E7-BA4E-FD416E9C558C}.Debug|Any CPU.ActiveCfg = Debug|Any CPU
		{66194101-CEA1-46E7-BA4E-FD416E9C558C}.Debug|Any CPU.Build.0 = Debug|Any CPU
		{66194101-CEA1-46E7-BA4E-FD416E9C558C}.Debug|Any CPU.Deploy.0 = Debug|Any CPU
		{66194101-CEA1-46E7-BA4E-FD416E9C558C}.Debug|ARM.ActiveCfg = Debug|Any CPU
		{66194101-CEA1-46E7-BA4E-FD416E9C558C}.Debug|ARM.Build.0 = Debug|Any CPU
		{66194101-CEA1-46E7-BA4E-FD416E9C558C}.Debug|ARM.Deploy.0 = Debug|Any CPU
		{66194101-CEA1-46E7-BA4E-FD416E9C558C}.Debug|iPhone.ActiveCfg = Debug|Any CPU
		{66194101-CEA1-46E7-BA4E-FD416E9C558C}.Debug|iPhone.Build.0 = Debug|Any CPU
		{66194101-CEA1-46E7-BA4E-FD416E9C558C}.Debug|iPhone.Deploy.0 = Debug|Any CPU
		{66194101-CEA1-46E7-BA4E-FD416E9C558C}.Debug|iPhoneSimulator.ActiveCfg = Debug|Any CPU
		{66194101-CEA1-46E7-BA4E-FD416E9C558C}.Debug|iPhoneSimulator.Build.0 = Debug|Any CPU
		{66194101-CEA1-46E7-BA4E-FD416E9C558C}.Debug|iPhoneSimulator.Deploy.0 = Debug|Any CPU
		{66194101-CEA1-46E7-BA4E-FD416E9C558C}.Debug|x64.ActiveCfg = Debug|Any CPU
		{66194101-CEA1-46E7-BA4E-FD416E9C558C}.Debug|x64.Build.0 = Debug|Any CPU
		{66194101-CEA1-46E7-BA4E-FD416E9C558C}.Debug|x64.Deploy.0 = Debug|Any CPU
		{66194101-CEA1-46E7-BA4E-FD416E9C558C}.Debug|x86.ActiveCfg = Debug|Any CPU
		{66194101-CEA1-46E7-BA4E-FD416E9C558C}.Debug|x86.Build.0 = Debug|Any CPU
		{66194101-CEA1-46E7-BA4E-FD416E9C558C}.Debug|x86.Deploy.0 = Debug|Any CPU
		{66194101-CEA1-46E7-BA4E-FD416E9C558C}.Release|Any CPU.ActiveCfg = Release|Any CPU
		{66194101-CEA1-46E7-BA4E-FD416E9C558C}.Release|Any CPU.Build.0 = Release|Any CPU
		{66194101-CEA1-46E7-BA4E-FD416E9C558C}.Release|Any CPU.Deploy.0 = Release|Any CPU
		{66194101-CEA1-46E7-BA4E-FD416E9C558C}.Release|ARM.ActiveCfg = Release|Any CPU
		{66194101-CEA1-46E7-BA4E-FD416E9C558C}.Release|ARM.Build.0 = Release|Any CPU
		{66194101-CEA1-46E7-BA4E-FD416E9C558C}.Release|ARM.Deploy.0 = Release|Any CPU
		{66194101-CEA1-46E7-BA4E-FD416E9C558C}.Release|iPhone.ActiveCfg = Release|Any CPU
		{66194101-CEA1-46E7-BA4E-FD416E9C558C}.Release|iPhone.Build.0 = Release|Any CPU
		{66194101-CEA1-46E7-BA4E-FD416E9C558C}.Release|iPhone.Deploy.0 = Release|Any CPU
		{66194101-CEA1-46E7-BA4E-FD416E9C558C}.Release|iPhoneSimulator.ActiveCfg = Release|Any CPU
		{66194101-CEA1-46E7-BA4E-FD416E9C558C}.Release|iPhoneSimulator.Build.0 = Release|Any CPU
		{66194101-CEA1-46E7-BA4E-FD416E9C558C}.Release|iPhoneSimulator.Deploy.0 = Release|Any CPU
		{66194101-CEA1-46E7-BA4E-FD416E9C558C}.Release|x64.ActiveCfg = Release|Any CPU
		{66194101-CEA1-46E7-BA4E-FD416E9C558C}.Release|x64.Build.0 = Release|Any CPU
		{66194101-CEA1-46E7-BA4E-FD416E9C558C}.Release|x64.Deploy.0 = Release|Any CPU
		{66194101-CEA1-46E7-BA4E-FD416E9C558C}.Release|x86.ActiveCfg = Release|Any CPU
		{66194101-CEA1-46E7-BA4E-FD416E9C558C}.Release|x86.Build.0 = Release|Any CPU
		{66194101-CEA1-46E7-BA4E-FD416E9C558C}.Release|x86.Deploy.0 = Release|Any CPU
		{76B6132F-B2BD-4EDC-8963-118C9D4C37A2}.Ad-Hoc|Any CPU.ActiveCfg = Ad-Hoc|iPhone
		{76B6132F-B2BD-4EDC-8963-118C9D4C37A2}.Ad-Hoc|ARM.ActiveCfg = Ad-Hoc|iPhone
		{76B6132F-B2BD-4EDC-8963-118C9D4C37A2}.Ad-Hoc|iPhone.ActiveCfg = Ad-Hoc|iPhone
		{76B6132F-B2BD-4EDC-8963-118C9D4C37A2}.Ad-Hoc|iPhone.Build.0 = Ad-Hoc|iPhone
		{76B6132F-B2BD-4EDC-8963-118C9D4C37A2}.Ad-Hoc|iPhoneSimulator.ActiveCfg = Ad-Hoc|iPhoneSimulator
		{76B6132F-B2BD-4EDC-8963-118C9D4C37A2}.Ad-Hoc|iPhoneSimulator.Build.0 = Ad-Hoc|iPhoneSimulator
		{76B6132F-B2BD-4EDC-8963-118C9D4C37A2}.Ad-Hoc|x64.ActiveCfg = Ad-Hoc|iPhone
		{76B6132F-B2BD-4EDC-8963-118C9D4C37A2}.Ad-Hoc|x86.ActiveCfg = Ad-Hoc|iPhone
		{76B6132F-B2BD-4EDC-8963-118C9D4C37A2}.AppStore|Any CPU.ActiveCfg = AppStore|iPhone
		{76B6132F-B2BD-4EDC-8963-118C9D4C37A2}.AppStore|ARM.ActiveCfg = AppStore|iPhone
		{76B6132F-B2BD-4EDC-8963-118C9D4C37A2}.AppStore|iPhone.ActiveCfg = AppStore|iPhone
		{76B6132F-B2BD-4EDC-8963-118C9D4C37A2}.AppStore|iPhone.Build.0 = AppStore|iPhone
		{76B6132F-B2BD-4EDC-8963-118C9D4C37A2}.AppStore|iPhoneSimulator.ActiveCfg = AppStore|iPhoneSimulator
		{76B6132F-B2BD-4EDC-8963-118C9D4C37A2}.AppStore|iPhoneSimulator.Build.0 = AppStore|iPhoneSimulator
		{76B6132F-B2BD-4EDC-8963-118C9D4C37A2}.AppStore|x64.ActiveCfg = AppStore|iPhone
		{76B6132F-B2BD-4EDC-8963-118C9D4C37A2}.AppStore|x86.ActiveCfg = AppStore|iPhone
		{76B6132F-B2BD-4EDC-8963-118C9D4C37A2}.Debug|Any CPU.ActiveCfg = Debug|iPhone
		{76B6132F-B2BD-4EDC-8963-118C9D4C37A2}.Debug|ARM.ActiveCfg = Debug|iPhone
		{76B6132F-B2BD-4EDC-8963-118C9D4C37A2}.Debug|iPhone.ActiveCfg = Debug|iPhone
		{76B6132F-B2BD-4EDC-8963-118C9D4C37A2}.Debug|iPhone.Build.0 = Debug|iPhone
		{76B6132F-B2BD-4EDC-8963-118C9D4C37A2}.Debug|iPhoneSimulator.ActiveCfg = Debug|iPhoneSimulator
		{76B6132F-B2BD-4EDC-8963-118C9D4C37A2}.Debug|iPhoneSimulator.Build.0 = Debug|iPhoneSimulator
		{76B6132F-B2BD-4EDC-8963-118C9D4C37A2}.Debug|x64.ActiveCfg = Debug|iPhone
		{76B6132F-B2BD-4EDC-8963-118C9D4C37A2}.Debug|x86.ActiveCfg = Debug|iPhone
		{76B6132F-B2BD-4EDC-8963-118C9D4C37A2}.Release|Any CPU.ActiveCfg = Release|iPhone
		{76B6132F-B2BD-4EDC-8963-118C9D4C37A2}.Release|ARM.ActiveCfg = Release|iPhone
		{76B6132F-B2BD-4EDC-8963-118C9D4C37A2}.Release|iPhone.ActiveCfg = Release|iPhone
		{76B6132F-B2BD-4EDC-8963-118C9D4C37A2}.Release|iPhone.Build.0 = Release|iPhone
		{76B6132F-B2BD-4EDC-8963-118C9D4C37A2}.Release|iPhoneSimulator.ActiveCfg = Release|iPhoneSimulator
		{76B6132F-B2BD-4EDC-8963-118C9D4C37A2}.Release|iPhoneSimulator.Build.0 = Release|iPhoneSimulator
		{76B6132F-B2BD-4EDC-8963-118C9D4C37A2}.Release|x64.ActiveCfg = Release|iPhone
		{76B6132F-B2BD-4EDC-8963-118C9D4C37A2}.Release|x86.ActiveCfg = Release|iPhone
		{B392FBA2-0198-4FF3-A22A-2EF3D5E13DF7}.Ad-Hoc|Any CPU.ActiveCfg = Release|x86
		{B392FBA2-0198-4FF3-A22A-2EF3D5E13DF7}.Ad-Hoc|Any CPU.Build.0 = Release|x86
		{B392FBA2-0198-4FF3-A22A-2EF3D5E13DF7}.Ad-Hoc|Any CPU.Deploy.0 = Release|x86
		{B392FBA2-0198-4FF3-A22A-2EF3D5E13DF7}.Ad-Hoc|ARM.ActiveCfg = Release|ARM
		{B392FBA2-0198-4FF3-A22A-2EF3D5E13DF7}.Ad-Hoc|ARM.Build.0 = Release|ARM
		{B392FBA2-0198-4FF3-A22A-2EF3D5E13DF7}.Ad-Hoc|ARM.Deploy.0 = Release|ARM
		{B392FBA2-0198-4FF3-A22A-2EF3D5E13DF7}.Ad-Hoc|iPhone.ActiveCfg = Release|x86
		{B392FBA2-0198-4FF3-A22A-2EF3D5E13DF7}.Ad-Hoc|iPhone.Build.0 = Release|x86
		{B392FBA2-0198-4FF3-A22A-2EF3D5E13DF7}.Ad-Hoc|iPhone.Deploy.0 = Release|x86
		{B392FBA2-0198-4FF3-A22A-2EF3D5E13DF7}.Ad-Hoc|iPhoneSimulator.ActiveCfg = Release|x86
		{B392FBA2-0198-4FF3-A22A-2EF3D5E13DF7}.Ad-Hoc|iPhoneSimulator.Build.0 = Release|x86
		{B392FBA2-0198-4FF3-A22A-2EF3D5E13DF7}.Ad-Hoc|iPhoneSimulator.Deploy.0 = Release|x86
		{B392FBA2-0198-4FF3-A22A-2EF3D5E13DF7}.Ad-Hoc|x64.ActiveCfg = Release|x64
		{B392FBA2-0198-4FF3-A22A-2EF3D5E13DF7}.Ad-Hoc|x64.Build.0 = Release|x64
		{B392FBA2-0198-4FF3-A22A-2EF3D5E13DF7}.Ad-Hoc|x64.Deploy.0 = Release|x64
		{B392FBA2-0198-4FF3-A22A-2EF3D5E13DF7}.Ad-Hoc|x86.ActiveCfg = Release|x86
		{B392FBA2-0198-4FF3-A22A-2EF3D5E13DF7}.Ad-Hoc|x86.Build.0 = Release|x86
		{B392FBA2-0198-4FF3-A22A-2EF3D5E13DF7}.Ad-Hoc|x86.Deploy.0 = Release|x86
		{B392FBA2-0198-4FF3-A22A-2EF3D5E13DF7}.AppStore|Any CPU.ActiveCfg = Release|x86
		{B392FBA2-0198-4FF3-A22A-2EF3D5E13DF7}.AppStore|Any CPU.Build.0 = Release|x86
		{B392FBA2-0198-4FF3-A22A-2EF3D5E13DF7}.AppStore|Any CPU.Deploy.0 = Release|x86
		{B392FBA2-0198-4FF3-A22A-2EF3D5E13DF7}.AppStore|ARM.ActiveCfg = Release|ARM
		{B392FBA2-0198-4FF3-A22A-2EF3D5E13DF7}.AppStore|ARM.Build.0 = Release|ARM
		{B392FBA2-0198-4FF3-A22A-2EF3D5E13DF7}.AppStore|ARM.Deploy.0 = Release|ARM
		{B392FBA2-0198-4FF3-A22A-2EF3D5E13DF7}.AppStore|iPhone.ActiveCfg = Release|x86
		{B392FBA2-0198-4FF3-A22A-2EF3D5E13DF7}.AppStore|iPhone.Build.0 = Release|x86
		{B392FBA2-0198-4FF3-A22A-2EF3D5E13DF7}.AppStore|iPhone.Deploy.0 = Release|x86
		{B392FBA2-0198-4FF3-A22A-2EF3D5E13DF7}.AppStore|iPhoneSimulator.ActiveCfg = Release|x86
		{B392FBA2-0198-4FF3-A22A-2EF3D5E13DF7}.AppStore|iPhoneSimulator.Build.0 = Release|x86
		{B392FBA2-0198-4FF3-A22A-2EF3D5E13DF7}.AppStore|iPhoneSimulator.Deploy.0 = Release|x86
		{B392FBA2-0198-4FF3-A22A-2EF3D5E13DF7}.AppStore|x64.ActiveCfg = Release|x64
		{B392FBA2-0198-4FF3-A22A-2EF3D5E13DF7}.AppStore|x64.Build.0 = Release|x64
		{B392FBA2-0198-4FF3-A22A-2EF3D5E13DF7}.AppStore|x64.Deploy.0 = Release|x64
		{B392FBA2-0198-4FF3-A22A-2EF3D5E13DF7}.AppStore|x86.ActiveCfg = Release|x86
		{B392FBA2-0198-4FF3-A22A-2EF3D5E13DF7}.AppStore|x86.Build.0 = Release|x86
		{B392FBA2-0198-4FF3-A22A-2EF3D5E13DF7}.AppStore|x86.Deploy.0 = Release|x86
		{B392FBA2-0198-4FF3-A22A-2EF3D5E13DF7}.Debug|Any CPU.ActiveCfg = Debug|x86
		{B392FBA2-0198-4FF3-A22A-2EF3D5E13DF7}.Debug|ARM.ActiveCfg = Debug|ARM
		{B392FBA2-0198-4FF3-A22A-2EF3D5E13DF7}.Debug|ARM.Build.0 = Debug|ARM
		{B392FBA2-0198-4FF3-A22A-2EF3D5E13DF7}.Debug|ARM.Deploy.0 = Debug|ARM
		{B392FBA2-0198-4FF3-A22A-2EF3D5E13DF7}.Debug|iPhone.ActiveCfg = Debug|x86
		{B392FBA2-0198-4FF3-A22A-2EF3D5E13DF7}.Debug|iPhoneSimulator.ActiveCfg = Debug|x86
		{B392FBA2-0198-4FF3-A22A-2EF3D5E13DF7}.Debug|x64.ActiveCfg = Debug|x64
		{B392FBA2-0198-4FF3-A22A-2EF3D5E13DF7}.Debug|x64.Build.0 = Debug|x64
		{B392FBA2-0198-4FF3-A22A-2EF3D5E13DF7}.Debug|x64.Deploy.0 = Debug|x64
		{B392FBA2-0198-4FF3-A22A-2EF3D5E13DF7}.Debug|x86.ActiveCfg = Debug|x86
		{B392FBA2-0198-4FF3-A22A-2EF3D5E13DF7}.Debug|x86.Build.0 = Debug|x86
		{B392FBA2-0198-4FF3-A22A-2EF3D5E13DF7}.Debug|x86.Deploy.0 = Debug|x86
		{B392FBA2-0198-4FF3-A22A-2EF3D5E13DF7}.Release|Any CPU.ActiveCfg = Release|x86
		{B392FBA2-0198-4FF3-A22A-2EF3D5E13DF7}.Release|ARM.ActiveCfg = Release|ARM
		{B392FBA2-0198-4FF3-A22A-2EF3D5E13DF7}.Release|ARM.Build.0 = Release|ARM
		{B392FBA2-0198-4FF3-A22A-2EF3D5E13DF7}.Release|ARM.Deploy.0 = Release|ARM
		{B392FBA2-0198-4FF3-A22A-2EF3D5E13DF7}.Release|iPhone.ActiveCfg = Release|x86
		{B392FBA2-0198-4FF3-A22A-2EF3D5E13DF7}.Release|iPhoneSimulator.ActiveCfg = Release|x86
		{B392FBA2-0198-4FF3-A22A-2EF3D5E13DF7}.Release|x64.ActiveCfg = Release|x64
		{B392FBA2-0198-4FF3-A22A-2EF3D5E13DF7}.Release|x64.Build.0 = Release|x64
		{B392FBA2-0198-4FF3-A22A-2EF3D5E13DF7}.Release|x64.Deploy.0 = Release|x64
		{B392FBA2-0198-4FF3-A22A-2EF3D5E13DF7}.Release|x86.ActiveCfg = Release|x86
		{B392FBA2-0198-4FF3-A22A-2EF3D5E13DF7}.Release|x86.Build.0 = Release|x86
		{B392FBA2-0198-4FF3-A22A-2EF3D5E13DF7}.Release|x86.Deploy.0 = Release|x86
	EndGlobalSection
	GlobalSection(SolutionProperties) = preSolution
		HideSolutionNode = FALSE
	EndGlobalSection
EndGlobal
